
Microsoft Visual Studio Solution File, Format Version 12.00
# Visual Studio Version 17
VisualStudioVersion = 17.11.35222.181
MinimumVisualStudioVersion = 10.0.40219.1
Project("{9A19103F-16F7-4668-BE54-9A1E7A4F7556}") = "Main", "Main\Main.csproj", "{50523B5C-0F9D-4220-A3AC-FFD765893AEF}"
EndProject
Global
	GlobalSection(SolutionConfigurationPlatforms) = preSolution
		Debug|Any CPU = Debug|Any CPU
		Release|Any CPU = Release|Any CPU
	EndGlobalSection
	GlobalSection(ProjectConfigurationPlatforms) = postSolution
		{50523B5C-0F9D-4220-A3AC-FFD765893AEF}.Debug|Any CPU.ActiveCfg = Debug|Any CPU
		{50523B5C-0F9D-4220-A3AC-FFD765893AEF}.Debug|Any CPU.Build.0 = Debug|Any CPU
		{50523B5C-0F9D-4220-A3AC-FFD765893AEF}.Release|Any CPU.ActiveCfg = Release|Any CPU
		{50523B5C-0F9D-4220-A3AC-FFD765893AEF}.Release|Any CPU.Build.0 = Release|Any CPU
	EndGlobalSection
	GlobalSection(SolutionProperties) = preSolution
		HideSolutionNode = FALSE
	EndGlobalSection
	GlobalSection(ExtensibilityGlobals) = postSolution
		SolutionGuid = {EF5CCADE-0DE5-4517-B756-C2408326A0DC}
	EndGlobalSection
EndGlobal
